
Microsoft Visual Studio Solution File, Format Version 12.00
# Visual Studio Version 16
VisualStudioVersion = 16.0.29503.13
MinimumVisualStudioVersion = 10.0.40219.1
Project("{9A19103F-16F7-4668-BE54-9A1E7A4F7556}") = "DarkHouse", "DarkHouse\DarkHouse.csproj", "{B18B2800-CB08-4789-B958-9397A7EA106F}"
EndProject
Project("{FAE04EC0-301F-11D3-BF4B-00C04F79EFBC}") = "DarkHouseUnitTest", "DarkHouseUnitTest\DarkHouseUnitTest.csproj", "{14396C94-762F-4C3C-B54A-7474B5AB7B0D}"
	ProjectSection(ProjectDependencies) = postProject
		{B18B2800-CB08-4789-B958-9397A7EA106F} = {B18B2800-CB08-4789-B958-9397A7EA106F}
	EndProjectSection
EndProject
Global
	GlobalSection(SolutionConfigurationPlatforms) = preSolution
		Debug|Any CPU = Debug|Any CPU
		Release|Any CPU = Release|Any CPU
	EndGlobalSection
	GlobalSection(ProjectConfigurationPlatforms) = postSolution
		{B18B2800-CB08-4789-B958-9397A7EA106F}.Debug|Any CPU.ActiveCfg = Debug|Any CPU
		{B18B2800-CB08-4789-B958-9397A7EA106F}.Debug|Any CPU.Build.0 = Debug|Any CPU
		{B18B2800-CB08-4789-B958-9397A7EA106F}.Release|Any CPU.ActiveCfg = Release|Any CPU
		{B18B2800-CB08-4789-B958-9397A7EA106F}.Release|Any CPU.Build.0 = Release|Any CPU
		{14396C94-762F-4C3C-B54A-7474B5AB7B0D}.Debug|Any CPU.ActiveCfg = Debug|Any CPU
		{14396C94-762F-4C3C-B54A-7474B5AB7B0D}.Debug|Any CPU.Build.0 = Debug|Any CPU
		{14396C94-762F-4C3C-B54A-7474B5AB7B0D}.Release|Any CPU.ActiveCfg = Release|Any CPU
		{14396C94-762F-4C3C-B54A-7474B5AB7B0D}.Release|Any CPU.Build.0 = Release|Any CPU
	EndGlobalSection
	GlobalSection(SolutionProperties) = preSolution
		HideSolutionNode = FALSE
	EndGlobalSection
	GlobalSection(ExtensibilityGlobals) = postSolution
		SolutionGuid = {137C50DE-B2ED-458F-93FF-DFC82E4A10AB}
	EndGlobalSection
EndGlobal
